// !$*UTF8*$!
{
	archiveVersion = 1;
	classes = {
	};
	objectVersion = 50;
	objects = {

/* Begin PBXBuildFile section */
		0701D94021FCB93C00E08E6C /* SearchVC.swift in Sources */ = {isa = PBXBuildFile; fileRef = 0701D93F21FCB93C00E08E6C /* SearchVC.swift */; };
		0702110C21DB8AFB006B6472 /* EventsDetailsVC.swift in Sources */ = {isa = PBXBuildFile; fileRef = 0702110B21DB8AFB006B6472 /* EventsDetailsVC.swift */; };
		0702110E21DB8B0A006B6472 /* EventsVC.swift in Sources */ = {isa = PBXBuildFile; fileRef = 0702110D21DB8B0A006B6472 /* EventsVC.swift */; };
		0702111021DB8B1C006B6472 /* EventsCollectionViewCell.swift in Sources */ = {isa = PBXBuildFile; fileRef = 0702110F21DB8B1C006B6472 /* EventsCollectionViewCell.swift */; };
		0702111321DBA879006B6472 /* FaqVC.swift in Sources */ = {isa = PBXBuildFile; fileRef = 0702111221DBA879006B6472 /* FaqVC.swift */; };
		0702111521DBA88C006B6472 /* FaqTableViewCell.swift in Sources */ = {isa = PBXBuildFile; fileRef = 0702111421DBA88C006B6472 /* FaqTableViewCell.swift */; };
		07083D55221A803400694981 /* InternetConnectionVC.swift in Sources */ = {isa = PBXBuildFile; fileRef = 07083D54221A803400694981 /* InternetConnectionVC.swift */; };
		0708F70A216D132A00A4B079 /* HanumanChalishaVC.swift in Sources */ = {isa = PBXBuildFile; fileRef = 0708F709216D132A00A4B079 /* HanumanChalishaVC.swift */; };
		07094A512161C32E00B5B08C /* AppDelegate.swift in Sources */ = {isa = PBXBuildFile; fileRef = 07094A502161C32E00B5B08C /* AppDelegate.swift */; };
		07094A532161C32E00B5B08C /* DashboardVC.swift in Sources */ = {isa = PBXBuildFile; fileRef = 07094A522161C32E00B5B08C /* DashboardVC.swift */; };
		07094A562161C32E00B5B08C /* Dashboard.storyboard in Resources */ = {isa = PBXBuildFile; fileRef = 07094A542161C32E00B5B08C /* Dashboard.storyboard */; };
		07094A592161C32E00B5B08C /* Morari_Bapu.xcdatamodeld in Sources */ = {isa = PBXBuildFile; fileRef = 07094A572161C32E00B5B08C /* Morari_Bapu.xcdatamodeld */; };
		07094A5B2161C33000B5B08C /* Assets.xcassets in Resources */ = {isa = PBXBuildFile; fileRef = 07094A5A2161C33000B5B08C /* Assets.xcassets */; };
		07094A5E2161C33000B5B08C /* LaunchScreen.storyboard in Resources */ = {isa = PBXBuildFile; fileRef = 07094A5C2161C33000B5B08C /* LaunchScreen.storyboard */; };
		07094A692161C33000B5B08C /* Morari_BapuTests.swift in Sources */ = {isa = PBXBuildFile; fileRef = 07094A682161C33000B5B08C /* Morari_BapuTests.swift */; };
		07094A742161C33000B5B08C /* Morari_BapuUITests.swift in Sources */ = {isa = PBXBuildFile; fileRef = 07094A732161C33000B5B08C /* Morari_BapuUITests.swift */; };
		07094A852161DA9200B5B08C /* WebServices.swift in Sources */ = {isa = PBXBuildFile; fileRef = 07094A842161DA9200B5B08C /* WebServices.swift */; };
		07094A892161DAB400B5B08C /* GlobalConstants.swift in Sources */ = {isa = PBXBuildFile; fileRef = 07094A872161DAB400B5B08C /* GlobalConstants.swift */; };
		07094A8A2161DAB400B5B08C /* Utility.swift in Sources */ = {isa = PBXBuildFile; fileRef = 07094A882161DAB400B5B08C /* Utility.swift */; };
		07094A8D2161DB6500B5B08C /* Reachability.swift in Sources */ = {isa = PBXBuildFile; fileRef = 07094A8C2161DB6500B5B08C /* Reachability.swift */; };
		0709A8CE216A6B7000371E06 /* KathaEBookVC.swift in Sources */ = {isa = PBXBuildFile; fileRef = 0709A8CD216A6B7000371E06 /* KathaEBookVC.swift */; };
		0709A8D1216A6EB500371E06 /* KathaEBookTableViewCell.swift in Sources */ = {isa = PBXBuildFile; fileRef = 0709A8D0216A6EB500371E06 /* KathaEBookTableViewCell.swift */; };
		0709A8D4216A809600371E06 /* SettingsVC.swift in Sources */ = {isa = PBXBuildFile; fileRef = 0709A8D3216A809600371E06 /* SettingsVC.swift */; };
		0709A8D6216A80C300371E06 /* SettingsTableViewCell.swift in Sources */ = {isa = PBXBuildFile; fileRef = 0709A8D5216A80C300371E06 /* SettingsTableViewCell.swift */; };
		0709A8D9216B1A4000371E06 /* QuotesVC.swift in Sources */ = {isa = PBXBuildFile; fileRef = 0709A8D8216B1A4000371E06 /* QuotesVC.swift */; };
		0709A8DB216B1D5800371E06 /* KathaChopaiTableViewCell.swift in Sources */ = {isa = PBXBuildFile; fileRef = 0709A8DA216B1D5800371E06 /* KathaChopaiTableViewCell.swift */; };
		0709A8DD216B255700371E06 /* KathaChopaiDetailsVC.swift in Sources */ = {isa = PBXBuildFile; fileRef = 0709A8DC216B255700371E06 /* KathaChopaiDetailsVC.swift */; };
		070A9F0C21E1174900E8628F /* ShayriVC.swift in Sources */ = {isa = PBXBuildFile; fileRef = 070A9F0B21E1174900E8628F /* ShayriVC.swift */; };
		070A9F1121E1177600E8628F /* BapuThoughtsVC.swift in Sources */ = {isa = PBXBuildFile; fileRef = 070A9F1021E1177600E8628F /* BapuThoughtsVC.swift */; };
		070A9F1621E11CBC00E8628F /* ShayriDetailsVC.swift in Sources */ = {isa = PBXBuildFile; fileRef = 070A9F1521E11CBC00E8628F /* ShayriDetailsVC.swift */; };
		070AD48121661A14007E6149 /* WebViewVC.swift in Sources */ = {isa = PBXBuildFile; fileRef = 070AD48021661A14007E6149 /* WebViewVC.swift */; };
		070D461221DD20430084C0DA /* AboutTheAppVC.swift in Sources */ = {isa = PBXBuildFile; fileRef = 070D461121DD20430084C0DA /* AboutTheAppVC.swift */; };
		070D461621DD23E10084C0DA /* FeedbackVC.swift in Sources */ = {isa = PBXBuildFile; fileRef = 070D461521DD23E10084C0DA /* FeedbackVC.swift */; };
		0715B16A22207B3900A6DC49 /* BapuDarshanUITableViewCell.swift in Sources */ = {isa = PBXBuildFile; fileRef = 0715B16922207B3900A6DC49 /* BapuDarshanUITableViewCell.swift */; };
		072027C42225921D00A55489 /* EventKit.framework in Frameworks */ = {isa = PBXBuildFile; fileRef = 072027C32225921D00A55489 /* EventKit.framework */; };
		073C7F7F221E615500BDC6E3 /* WhatsNewTextDetailsVC.swift in Sources */ = {isa = PBXBuildFile; fileRef = 073C7F7E221E615500BDC6E3 /* WhatsNewTextDetailsVC.swift */; };
		074029E221DE6A2900E4DE4B /* WhatsNewPhotosVC.swift in Sources */ = {isa = PBXBuildFile; fileRef = 074029E121DE6A2900E4DE4B /* WhatsNewPhotosVC.swift */; };
		074029E421DE6A3D00E4DE4B /* WhatsNewVideoVC.swift in Sources */ = {isa = PBXBuildFile; fileRef = 074029E321DE6A3D00E4DE4B /* WhatsNewVideoVC.swift */; };
		074029E621DE6A4B00E4DE4B /* WhatsNewAudioVC.swift in Sources */ = {isa = PBXBuildFile; fileRef = 074029E521DE6A4B00E4DE4B /* WhatsNewAudioVC.swift */; };
		074029E821DE6A5700E4DE4B /* WhatsNewTextVC.swift in Sources */ = {isa = PBXBuildFile; fileRef = 074029E721DE6A5700E4DE4B /* WhatsNewTextVC.swift */; };
		074029EA21DE6C9900E4DE4B /* WhatsNewTextTableViewCell.swift in Sources */ = {isa = PBXBuildFile; fileRef = 074029E921DE6C9900E4DE4B /* WhatsNewTextTableViewCell.swift */; };
		074029EC21DE763400E4DE4B /* WhatsNewPhotosCollectionViewCell.swift in Sources */ = {isa = PBXBuildFile; fileRef = 074029EB21DE763400E4DE4B /* WhatsNewPhotosCollectionViewCell.swift */; };
		074029EF21DF227000E4DE4B /* ImageViewerVC.swift in Sources */ = {isa = PBXBuildFile; fileRef = 074029EE21DF227000E4DE4B /* ImageViewerVC.swift */; };
		074029F121DF228C00E4DE4B /* ImageViewerCollectionViewCell.swift in Sources */ = {isa = PBXBuildFile; fileRef = 074029F021DF228C00E4DE4B /* ImageViewerCollectionViewCell.swift */; };
		07443DF42165220C00F39CCD /* YoutubeTableViewCell.swift in Sources */ = {isa = PBXBuildFile; fileRef = 07443DF32165220C00F39CCD /* YoutubeTableViewCell.swift */; };
		07443DF62165223400F39CCD /* QuotesTableViewCell.swift in Sources */ = {isa = PBXBuildFile; fileRef = 07443DF52165223400F39CCD /* QuotesTableViewCell.swift */; };
		07443DF82165228900F39CCD /* UpcomingKathaTableViewCell.swift in Sources */ = {isa = PBXBuildFile; fileRef = 07443DF72165228900F39CCD /* UpcomingKathaTableViewCell.swift */; };
		075675F221ED06F700915946 /* MusicPlayerVC.swift in Sources */ = {isa = PBXBuildFile; fileRef = 075675F121ED06F700915946 /* MusicPlayerVC.swift */; };
		07637E6A222F0A7500A657BB /* MediaPlayer.framework in Frameworks */ = {isa = PBXBuildFile; fileRef = 07637E69222F0A7500A657BB /* MediaPlayer.framework */; };
		0766437C21E79F2700B15520 /* FavouriteVC.swift in Sources */ = {isa = PBXBuildFile; fileRef = 0766437B21E79F2700B15520 /* FavouriteVC.swift */; };
		0766437F21E7AC3B00B15520 /* ArticlesVC.swift in Sources */ = {isa = PBXBuildFile; fileRef = 0766437E21E7AC3B00B15520 /* ArticlesVC.swift */; };
		0766438121E7AC7F00B15520 /* Articles1TableViewCell.swift in Sources */ = {isa = PBXBuildFile; fileRef = 0766438021E7AC7F00B15520 /* Articles1TableViewCell.swift */; };
		0766438321E7AC9500B15520 /* Articles2TableViewCell.swift in Sources */ = {isa = PBXBuildFile; fileRef = 0766438221E7AC9500B15520 /* Articles2TableViewCell.swift */; };
		0766438521EA495600B15520 /* AudioTableViewCell.swift in Sources */ = {isa = PBXBuildFile; fileRef = 0766438421EA495600B15520 /* AudioTableViewCell.swift */; };
		0766438821EA497000B15520 /* AudioVC.swift in Sources */ = {isa = PBXBuildFile; fileRef = 0766438721EA497000B15520 /* AudioVC.swift */; };
		076BA35C21632A48004BD807 /* KathaChopaiVC.swift in Sources */ = {isa = PBXBuildFile; fileRef = 076BA35B21632A48004BD807 /* KathaChopaiVC.swift */; };
		077B2ACE2209F815005DC7DF /* BackgroundView.swift in Sources */ = {isa = PBXBuildFile; fileRef = 077B2ACD2209F815005DC7DF /* BackgroundView.swift */; };
		07A7551721624BC400793232 /* Default-568h@2x.png in Resources */ = {isa = PBXBuildFile; fileRef = 07A7551621624BC400793232 /* Default-568h@2x.png */; };
		07A755192162592100793232 /* Custom.storyboard in Resources */ = {isa = PBXBuildFile; fileRef = 07A755182162592000793232 /* Custom.storyboard */; };
		07A7551D21625A1800793232 /* MenuVC.swift in Sources */ = {isa = PBXBuildFile; fileRef = 07A7551C21625A1800793232 /* MenuVC.swift */; };
		07A755202162658B00793232 /* MenuCollectionViewCell.swift in Sources */ = {isa = PBXBuildFile; fileRef = 07A7551F2162658B00793232 /* MenuCollectionViewCell.swift */; };
		07A755252162869100793232 /* MontserratAlternates-SemiBold.otf in Resources */ = {isa = PBXBuildFile; fileRef = 07A755222162869100793232 /* MontserratAlternates-SemiBold.otf */; };
		07A755262162869100793232 /* MontserratAlternates-Light.otf in Resources */ = {isa = PBXBuildFile; fileRef = 07A755232162869100793232 /* MontserratAlternates-Light.otf */; };
		07A755272162869100793232 /* MontserratAlternates-Regular.otf in Resources */ = {isa = PBXBuildFile; fileRef = 07A755242162869100793232 /* MontserratAlternates-Regular.otf */; };
		07CD60BE22171FE4003C9333 /* KathaTimingTableViewCell.swift in Sources */ = {isa = PBXBuildFile; fileRef = 07CD60BD22171FE4003C9333 /* KathaTimingTableViewCell.swift */; };
		07D9394921F62B7B003F847D /* UpComingKathasVC.swift in Sources */ = {isa = PBXBuildFile; fileRef = 07D9394821F62B7B003F847D /* UpComingKathasVC.swift */; };
		07D9394B21F62CE9003F847D /* UpComingKathaDetailsVC.swift in Sources */ = {isa = PBXBuildFile; fileRef = 07D9394A21F62CE9003F847D /* UpComingKathaDetailsVC.swift */; };
		07D9A46822C28EBC00737489 /* Media.storyboard in Resources */ = {isa = PBXBuildFile; fileRef = 07D9A46722C28EBC00737489 /* Media.storyboard */; };
		07D9A46B22C28FA100737489 /* Menu.storyboard in Resources */ = {isa = PBXBuildFile; fileRef = 07D9A46A22C28FA100737489 /* Menu.storyboard */; };
		07FC21702230DBA8009871E8 /* LNPopupController.framework in Frameworks */ = {isa = PBXBuildFile; fileRef = 07FC216F2230DB89009871E8 /* LNPopupController.framework */; };
		07FC21732230DF7D009871E8 /* LNPopupController.framework in Frameworks */ = {isa = PBXBuildFile; fileRef = 07FC216F2230DB89009871E8 /* LNPopupController.framework */; };
		07FC21742230DF7D009871E8 /* LNPopupController.framework in Embed Frameworks */ = {isa = PBXBuildFile; fileRef = 07FC216F2230DB89009871E8 /* LNPopupController.framework */; settings = {ATTRIBUTES = (CodeSignOnCopy, RemoveHeadersOnCopy, ); }; };
		B4EEC5909677DC647695E296 /* Pods_Morari_BapuTests.framework in Frameworks */ = {isa = PBXBuildFile; fileRef = FC4BD43BCEDC5FD94AD884CF /* Pods_Morari_BapuTests.framework */; };
		DA8CD2ED06F8BF46F430A842 /* Pods_Morari_Bapu.framework in Frameworks */ = {isa = PBXBuildFile; fileRef = AF96C55420CE8AEB3492FBD9 /* Pods_Morari_Bapu.framework */; };
		FCCB5EC9D7AF0C4135855622 /* Pods_Morari_BapuUITests.framework in Frameworks */ = {isa = PBXBuildFile; fileRef = 4C7EC3ED81FE47D190032489 /* Pods_Morari_BapuUITests.framework */; };
/* End PBXBuildFile section */

/* Begin PBXContainerItemProxy section */
		07094A652161C33000B5B08C /* PBXContainerItemProxy */ = {
			isa = PBXContainerItemProxy;
			containerPortal = 07094A452161C32E00B5B08C /* Project object */;
			proxyType = 1;
			remoteGlobalIDString = 07094A4C2161C32E00B5B08C;
			remoteInfo = "Morari Bapu";
		};
		07094A702161C33000B5B08C /* PBXContainerItemProxy */ = {
			isa = PBXContainerItemProxy;
			containerPortal = 07094A452161C32E00B5B08C /* Project object */;
			proxyType = 1;
			remoteGlobalIDString = 07094A4C2161C32E00B5B08C;
			remoteInfo = "Morari Bapu";
		};
		07FC216E2230DB89009871E8 /* PBXContainerItemProxy */ = {
			isa = PBXContainerItemProxy;
			containerPortal = 07FC216A2230DB89009871E8 /* LNPopupController.xcodeproj */;
			proxyType = 2;
			remoteGlobalIDString = 39DB52E51B5823330061C589;
			remoteInfo = LNPopupController;
		};
/* End PBXContainerItemProxy section */

/* Begin PBXCopyFilesBuildPhase section */
		07D9396521F72D26003F847D /* Embed Frameworks */ = {
			isa = PBXCopyFilesBuildPhase;
			buildActionMask = 2147483647;
			dstPath = "";
			dstSubfolderSpec = 10;
			files = (
				07FC21742230DF7D009871E8 /* LNPopupController.framework in Embed Frameworks */,
			);
			name = "Embed Frameworks";
			runOnlyForDeploymentPostprocessing = 0;
		};
/* End PBXCopyFilesBuildPhase section */

/* Begin PBXFileReference section */
		0701D93F21FCB93C00E08E6C /* SearchVC.swift */ = {isa = PBXFileReference; lastKnownFileType = sourcecode.swift; path = SearchVC.swift; sourceTree = "<group>"; };
		0702110B21DB8AFB006B6472 /* EventsDetailsVC.swift */ = {isa = PBXFileReference; lastKnownFileType = sourcecode.swift; path = EventsDetailsVC.swift; sourceTree = "<group>"; };
		0702110D21DB8B0A006B6472 /* EventsVC.swift */ = {isa = PBXFileReference; lastKnownFileType = sourcecode.swift; path = EventsVC.swift; sourceTree = "<group>"; };
		0702110F21DB8B1C006B6472 /* EventsCollectionViewCell.swift */ = {isa = PBXFileReference; lastKnownFileType = sourcecode.swift; path = EventsCollectionViewCell.swift; sourceTree = "<group>"; };
		0702111221DBA879006B6472 /* FaqVC.swift */ = {isa = PBXFileReference; lastKnownFileType = sourcecode.swift; path = FaqVC.swift; sourceTree = "<group>"; };
		0702111421DBA88C006B6472 /* FaqTableViewCell.swift */ = {isa = PBXFileReference; lastKnownFileType = sourcecode.swift; path = FaqTableViewCell.swift; sourceTree = "<group>"; };
		07083D54221A803400694981 /* InternetConnectionVC.swift */ = {isa = PBXFileReference; lastKnownFileType = sourcecode.swift; path = InternetConnectionVC.swift; sourceTree = "<group>"; };
		0708F709216D132A00A4B079 /* HanumanChalishaVC.swift */ = {isa = PBXFileReference; lastKnownFileType = sourcecode.swift; path = HanumanChalishaVC.swift; sourceTree = "<group>"; };
		07094A4D2161C32E00B5B08C /* Morari Bapu.app */ = {isa = PBXFileReference; explicitFileType = wrapper.application; includeInIndex = 0; path = "Morari Bapu.app"; sourceTree = BUILT_PRODUCTS_DIR; };
		07094A502161C32E00B5B08C /* AppDelegate.swift */ = {isa = PBXFileReference; lastKnownFileType = sourcecode.swift; path = AppDelegate.swift; sourceTree = "<group>"; };
		07094A522161C32E00B5B08C /* DashboardVC.swift */ = {isa = PBXFileReference; lastKnownFileType = sourcecode.swift; path = DashboardVC.swift; sourceTree = "<group>"; };
		07094A552161C32E00B5B08C /* Base */ = {isa = PBXFileReference; lastKnownFileType = file.storyboard; name = Base; path = Base.lproj/Dashboard.storyboard; sourceTree = "<group>"; };
		07094A582161C32E00B5B08C /* Morari_Bapu.xcdatamodel */ = {isa = PBXFileReference; lastKnownFileType = wrapper.xcdatamodel; path = Morari_Bapu.xcdatamodel; sourceTree = "<group>"; };
		07094A5A2161C33000B5B08C /* Assets.xcassets */ = {isa = PBXFileReference; lastKnownFileType = folder.assetcatalog; path = Assets.xcassets; sourceTree = "<group>"; };
		07094A5D2161C33000B5B08C /* Base */ = {isa = PBXFileReference; lastKnownFileType = file.storyboard; name = Base; path = Base.lproj/LaunchScreen.storyboard; sourceTree = "<group>"; };
		07094A5F2161C33000B5B08C /* Info.plist */ = {isa = PBXFileReference; lastKnownFileType = text.plist.xml; name = Info.plist; path = "../Morari Bapu/Info.plist"; sourceTree = "<group>"; };
		07094A642161C33000B5B08C /* Morari BapuTests.xctest */ = {isa = PBXFileReference; explicitFileType = wrapper.cfbundle; includeInIndex = 0; path = "Morari BapuTests.xctest"; sourceTree = BUILT_PRODUCTS_DIR; };
		07094A682161C33000B5B08C /* Morari_BapuTests.swift */ = {isa = PBXFileReference; lastKnownFileType = sourcecode.swift; path = Morari_BapuTests.swift; sourceTree = "<group>"; };
		07094A6A2161C33000B5B08C /* Info.plist */ = {isa = PBXFileReference; lastKnownFileType = text.plist.xml; path = Info.plist; sourceTree = "<group>"; };
		07094A6F2161C33000B5B08C /* Morari BapuUITests.xctest */ = {isa = PBXFileReference; explicitFileType = wrapper.cfbundle; includeInIndex = 0; path = "Morari BapuUITests.xctest"; sourceTree = BUILT_PRODUCTS_DIR; };
		07094A732161C33000B5B08C /* Morari_BapuUITests.swift */ = {isa = PBXFileReference; lastKnownFileType = sourcecode.swift; path = Morari_BapuUITests.swift; sourceTree = "<group>"; };
		07094A752161C33000B5B08C /* Info.plist */ = {isa = PBXFileReference; lastKnownFileType = text.plist.xml; path = Info.plist; sourceTree = "<group>"; };
		07094A842161DA9200B5B08C /* WebServices.swift */ = {isa = PBXFileReference; fileEncoding = 4; lastKnownFileType = sourcecode.swift; path = WebServices.swift; sourceTree = "<group>"; };
		07094A872161DAB400B5B08C /* GlobalConstants.swift */ = {isa = PBXFileReference; fileEncoding = 4; lastKnownFileType = sourcecode.swift; path = GlobalConstants.swift; sourceTree = "<group>"; };
		07094A882161DAB400B5B08C /* Utility.swift */ = {isa = PBXFileReference; fileEncoding = 4; lastKnownFileType = sourcecode.swift; path = Utility.swift; sourceTree = "<group>"; };
		07094A8C2161DB6500B5B08C /* Reachability.swift */ = {isa = PBXFileReference; fileEncoding = 4; lastKnownFileType = sourcecode.swift; path = Reachability.swift; sourceTree = "<group>"; };
		0709A8CD216A6B7000371E06 /* KathaEBookVC.swift */ = {isa = PBXFileReference; lastKnownFileType = sourcecode.swift; path = KathaEBookVC.swift; sourceTree = "<group>"; };
		0709A8D0216A6EB500371E06 /* KathaEBookTableViewCell.swift */ = {isa = PBXFileReference; lastKnownFileType = sourcecode.swift; path = KathaEBookTableViewCell.swift; sourceTree = "<group>"; };
		0709A8D3216A809600371E06 /* SettingsVC.swift */ = {isa = PBXFileReference; lastKnownFileType = sourcecode.swift; path = SettingsVC.swift; sourceTree = "<group>"; };
		0709A8D5216A80C300371E06 /* SettingsTableViewCell.swift */ = {isa = PBXFileReference; lastKnownFileType = sourcecode.swift; path = SettingsTableViewCell.swift; sourceTree = "<group>"; };
		0709A8D8216B1A4000371E06 /* QuotesVC.swift */ = {isa = PBXFileReference; lastKnownFileType = sourcecode.swift; path = QuotesVC.swift; sourceTree = "<group>"; };
		0709A8DA216B1D5800371E06 /* KathaChopaiTableViewCell.swift */ = {isa = PBXFileReference; lastKnownFileType = sourcecode.swift; path = KathaChopaiTableViewCell.swift; sourceTree = "<group>"; };
		0709A8DC216B255700371E06 /* KathaChopaiDetailsVC.swift */ = {isa = PBXFileReference; lastKnownFileType = sourcecode.swift; path = KathaChopaiDetailsVC.swift; sourceTree = "<group>"; };
		070A9F0B21E1174900E8628F /* ShayriVC.swift */ = {isa = PBXFileReference; lastKnownFileType = sourcecode.swift; path = ShayriVC.swift; sourceTree = "<group>"; };
		070A9F1021E1177600E8628F /* BapuThoughtsVC.swift */ = {isa = PBXFileReference; lastKnownFileType = sourcecode.swift; path = BapuThoughtsVC.swift; sourceTree = "<group>"; };
		070A9F1521E11CBC00E8628F /* ShayriDetailsVC.swift */ = {isa = PBXFileReference; lastKnownFileType = sourcecode.swift; path = ShayriDetailsVC.swift; sourceTree = "<group>"; };
		070AD48021661A14007E6149 /* WebViewVC.swift */ = {isa = PBXFileReference; lastKnownFileType = sourcecode.swift; path = WebViewVC.swift; sourceTree = "<group>"; };
		070D461121DD20430084C0DA /* AboutTheAppVC.swift */ = {isa = PBXFileReference; lastKnownFileType = sourcecode.swift; path = AboutTheAppVC.swift; sourceTree = "<group>"; };
		070D461521DD23E10084C0DA /* FeedbackVC.swift */ = {isa = PBXFileReference; lastKnownFileType = sourcecode.swift; path = FeedbackVC.swift; sourceTree = "<group>"; };
		0715B16922207B3900A6DC49 /* BapuDarshanUITableViewCell.swift */ = {isa = PBXFileReference; lastKnownFileType = sourcecode.swift; path = BapuDarshanUITableViewCell.swift; sourceTree = "<group>"; };
		072027C32225921D00A55489 /* EventKit.framework */ = {isa = PBXFileReference; lastKnownFileType = wrapper.framework; name = EventKit.framework; path = System/Library/Frameworks/EventKit.framework; sourceTree = SDKROOT; };
		073C7F7E221E615500BDC6E3 /* WhatsNewTextDetailsVC.swift */ = {isa = PBXFileReference; lastKnownFileType = sourcecode.swift; path = WhatsNewTextDetailsVC.swift; sourceTree = "<group>"; };
		074029E121DE6A2900E4DE4B /* WhatsNewPhotosVC.swift */ = {isa = PBXFileReference; lastKnownFileType = sourcecode.swift; path = WhatsNewPhotosVC.swift; sourceTree = "<group>"; };
		074029E321DE6A3D00E4DE4B /* WhatsNewVideoVC.swift */ = {isa = PBXFileReference; lastKnownFileType = sourcecode.swift; path = WhatsNewVideoVC.swift; sourceTree = "<group>"; };
		074029E521DE6A4B00E4DE4B /* WhatsNewAudioVC.swift */ = {isa = PBXFileReference; lastKnownFileType = sourcecode.swift; path = WhatsNewAudioVC.swift; sourceTree = "<group>"; };
		074029E721DE6A5700E4DE4B /* WhatsNewTextVC.swift */ = {isa = PBXFileReference; lastKnownFileType = sourcecode.swift; path = WhatsNewTextVC.swift; sourceTree = "<group>"; };
		074029E921DE6C9900E4DE4B /* WhatsNewTextTableViewCell.swift */ = {isa = PBXFileReference; lastKnownFileType = sourcecode.swift; path = WhatsNewTextTableViewCell.swift; sourceTree = "<group>"; };
		074029EB21DE763400E4DE4B /* WhatsNewPhotosCollectionViewCell.swift */ = {isa = PBXFileReference; lastKnownFileType = sourcecode.swift; path = WhatsNewPhotosCollectionViewCell.swift; sourceTree = "<group>"; };
		074029EE21DF227000E4DE4B /* ImageViewerVC.swift */ = {isa = PBXFileReference; lastKnownFileType = sourcecode.swift; path = ImageViewerVC.swift; sourceTree = "<group>"; };
		074029F021DF228C00E4DE4B /* ImageViewerCollectionViewCell.swift */ = {isa = PBXFileReference; lastKnownFileType = sourcecode.swift; path = ImageViewerCollectionViewCell.swift; sourceTree = "<group>"; };
		07443DF32165220C00F39CCD /* YoutubeTableViewCell.swift */ = {isa = PBXFileReference; lastKnownFileType = sourcecode.swift; path = YoutubeTableViewCell.swift; sourceTree = "<group>"; };
		07443DF52165223400F39CCD /* QuotesTableViewCell.swift */ = {isa = PBXFileReference; lastKnownFileType = sourcecode.swift; path = QuotesTableViewCell.swift; sourceTree = "<group>"; };
		07443DF72165228900F39CCD /* UpcomingKathaTableViewCell.swift */ = {isa = PBXFileReference; lastKnownFileType = sourcecode.swift; path = UpcomingKathaTableViewCell.swift; sourceTree = "<group>"; };
		075675F121ED06F700915946 /* MusicPlayerVC.swift */ = {isa = PBXFileReference; lastKnownFileType = sourcecode.swift; path = MusicPlayerVC.swift; sourceTree = "<group>"; };
		07637E69222F0A7500A657BB /* MediaPlayer.framework */ = {isa = PBXFileReference; lastKnownFileType = wrapper.framework; name = MediaPlayer.framework; path = System/Library/Frameworks/MediaPlayer.framework; sourceTree = SDKROOT; };
		0766437B21E79F2700B15520 /* FavouriteVC.swift */ = {isa = PBXFileReference; lastKnownFileType = sourcecode.swift; path = FavouriteVC.swift; sourceTree = "<group>"; };
		0766437E21E7AC3B00B15520 /* ArticlesVC.swift */ = {isa = PBXFileReference; lastKnownFileType = sourcecode.swift; path = ArticlesVC.swift; sourceTree = "<group>"; };
		0766438021E7AC7F00B15520 /* Articles1TableViewCell.swift */ = {isa = PBXFileReference; lastKnownFileType = sourcecode.swift; path = Articles1TableViewCell.swift; sourceTree = "<group>"; };
		0766438221E7AC9500B15520 /* Articles2TableViewCell.swift */ = {isa = PBXFileReference; lastKnownFileType = sourcecode.swift; path = Articles2TableViewCell.swift; sourceTree = "<group>"; };
		0766438421EA495600B15520 /* AudioTableViewCell.swift */ = {isa = PBXFileReference; lastKnownFileType = sourcecode.swift; path = AudioTableViewCell.swift; sourceTree = "<group>"; };
		0766438721EA497000B15520 /* AudioVC.swift */ = {isa = PBXFileReference; lastKnownFileType = sourcecode.swift; path = AudioVC.swift; sourceTree = "<group>"; };
		076BA35B21632A48004BD807 /* KathaChopaiVC.swift */ = {isa = PBXFileReference; lastKnownFileType = sourcecode.swift; path = KathaChopaiVC.swift; sourceTree = "<group>"; };
		077B2ACD2209F815005DC7DF /* BackgroundView.swift */ = {isa = PBXFileReference; fileEncoding = 4; lastKnownFileType = sourcecode.swift; path = BackgroundView.swift; sourceTree = "<group>"; };
		07A7551621624BC400793232 /* Default-568h@2x.png */ = {isa = PBXFileReference; lastKnownFileType = image.png; path = "Default-568h@2x.png"; sourceTree = "<group>"; };
		07A755182162592000793232 /* Custom.storyboard */ = {isa = PBXFileReference; fileEncoding = 4; lastKnownFileType = file.storyboard; path = Custom.storyboard; sourceTree = "<group>"; };
		07A7551C21625A1800793232 /* MenuVC.swift */ = {isa = PBXFileReference; lastKnownFileType = sourcecode.swift; path = MenuVC.swift; sourceTree = "<group>"; };
		07A7551F2162658B00793232 /* MenuCollectionViewCell.swift */ = {isa = PBXFileReference; lastKnownFileType = sourcecode.swift; path = MenuCollectionViewCell.swift; sourceTree = "<group>"; };
		07A755222162869100793232 /* MontserratAlternates-SemiBold.otf */ = {isa = PBXFileReference; lastKnownFileType = file; path = "MontserratAlternates-SemiBold.otf"; sourceTree = "<group>"; };
		07A755232162869100793232 /* MontserratAlternates-Light.otf */ = {isa = PBXFileReference; lastKnownFileType = file; path = "MontserratAlternates-Light.otf"; sourceTree = "<group>"; };
		07A755242162869100793232 /* MontserratAlternates-Regular.otf */ = {isa = PBXFileReference; lastKnownFileType = file; path = "MontserratAlternates-Regular.otf"; sourceTree = "<group>"; };
		07AE6019221C87DA000689F6 /* Morari Bapu.entitlements */ = {isa = PBXFileReference; lastKnownFileType = text.plist.entitlements; path = "Morari Bapu.entitlements"; sourceTree = "<group>"; };
		07CD60BD22171FE4003C9333 /* KathaTimingTableViewCell.swift */ = {isa = PBXFileReference; lastKnownFileType = sourcecode.swift; path = KathaTimingTableViewCell.swift; sourceTree = "<group>"; };
		07D9394821F62B7B003F847D /* UpComingKathasVC.swift */ = {isa = PBXFileReference; lastKnownFileType = sourcecode.swift; path = UpComingKathasVC.swift; sourceTree = "<group>"; };
		07D9394A21F62CE9003F847D /* UpComingKathaDetailsVC.swift */ = {isa = PBXFileReference; lastKnownFileType = sourcecode.swift; path = UpComingKathaDetailsVC.swift; sourceTree = "<group>"; };
		07D9A46722C28EBC00737489 /* Media.storyboard */ = {isa = PBXFileReference; lastKnownFileType = file.storyboard; path = Media.storyboard; sourceTree = "<group>"; };
		07D9A46A22C28FA100737489 /* Menu.storyboard */ = {isa = PBXFileReference; lastKnownFileType = file.storyboard; path = Menu.storyboard; sourceTree = "<group>"; };
		07FC216A2230DB89009871E8 /* LNPopupController.xcodeproj */ = {isa = PBXFileReference; lastKnownFileType = "wrapper.pb-project"; name = LNPopupController.xcodeproj; path = LNPopupController/LNPopupController.xcodeproj; sourceTree = "<group>"; };
		4C7EC3ED81FE47D190032489 /* Pods_Morari_BapuUITests.framework */ = {isa = PBXFileReference; explicitFileType = wrapper.framework; includeInIndex = 0; path = Pods_Morari_BapuUITests.framework; sourceTree = BUILT_PRODUCTS_DIR; };
		5A88026A43A3E43A2EF17F46 /* Pods-Morari Bapu.debug.xcconfig */ = {isa = PBXFileReference; includeInIndex = 1; lastKnownFileType = text.xcconfig; name = "Pods-Morari Bapu.debug.xcconfig"; path = "Pods/Target Support Files/Pods-Morari Bapu/Pods-Morari Bapu.debug.xcconfig"; sourceTree = "<group>"; };
		6903C3D27825025CE29FD0C2 /* Pods-Morari BapuUITests.release.xcconfig */ = {isa = PBXFileReference; includeInIndex = 1; lastKnownFileType = text.xcconfig; name = "Pods-Morari BapuUITests.release.xcconfig"; path = "Pods/Target Support Files/Pods-Morari BapuUITests/Pods-Morari BapuUITests.release.xcconfig"; sourceTree = "<group>"; };
		758D1A5C898793BC3048DC78 /* Pods-Morari Bapu.release.xcconfig */ = {isa = PBXFileReference; includeInIndex = 1; lastKnownFileType = text.xcconfig; name = "Pods-Morari Bapu.release.xcconfig"; path = "Pods/Target Support Files/Pods-Morari Bapu/Pods-Morari Bapu.release.xcconfig"; sourceTree = "<group>"; };
		81DA82811205960EE5158AC9 /* Pods-Morari BapuUITests.debug.xcconfig */ = {isa = PBXFileReference; includeInIndex = 1; lastKnownFileType = text.xcconfig; name = "Pods-Morari BapuUITests.debug.xcconfig"; path = "Pods/Target Support Files/Pods-Morari BapuUITests/Pods-Morari BapuUITests.debug.xcconfig"; sourceTree = "<group>"; };
		82D6D832A79F74B1A912BD5D /* Pods-Morari BapuTests.debug.xcconfig */ = {isa = PBXFileReference; includeInIndex = 1; lastKnownFileType = text.xcconfig; name = "Pods-Morari BapuTests.debug.xcconfig"; path = "Pods/Target Support Files/Pods-Morari BapuTests/Pods-Morari BapuTests.debug.xcconfig"; sourceTree = "<group>"; };
		AF96C55420CE8AEB3492FBD9 /* Pods_Morari_Bapu.framework */ = {isa = PBXFileReference; explicitFileType = wrapper.framework; includeInIndex = 0; path = Pods_Morari_Bapu.framework; sourceTree = BUILT_PRODUCTS_DIR; };
		BEE2EED588D18856E060368A /* Pods-Morari BapuTests.release.xcconfig */ = {isa = PBXFileReference; includeInIndex = 1; lastKnownFileType = text.xcconfig; name = "Pods-Morari BapuTests.release.xcconfig"; path = "Pods/Target Support Files/Pods-Morari BapuTests/Pods-Morari BapuTests.release.xcconfig"; sourceTree = "<group>"; };
		FC4BD43BCEDC5FD94AD884CF /* Pods_Morari_BapuTests.framework */ = {isa = PBXFileReference; explicitFileType = wrapper.framework; includeInIndex = 0; path = Pods_Morari_BapuTests.framework; sourceTree = BUILT_PRODUCTS_DIR; };
/* End PBXFileReference section */

/* Begin PBXFrameworksBuildPhase section */
		07094A4A2161C32E00B5B08C /* Frameworks */ = {
			isa = PBXFrameworksBuildPhase;
			buildActionMask = 2147483647;
			files = (
				07FC21702230DBA8009871E8 /* LNPopupController.framework in Frameworks */,
				07FC21732230DF7D009871E8 /* LNPopupController.framework in Frameworks */,
				07637E6A222F0A7500A657BB /* MediaPlayer.framework in Frameworks */,
				072027C42225921D00A55489 /* EventKit.framework in Frameworks */,
				DA8CD2ED06F8BF46F430A842 /* Pods_Morari_Bapu.framework in Frameworks */,
			);
			runOnlyForDeploymentPostprocessing = 0;
		};
		07094A612161C33000B5B08C /* Frameworks */ = {
			isa = PBXFrameworksBuildPhase;
			buildActionMask = 2147483647;
			files = (
				B4EEC5909677DC647695E296 /* Pods_Morari_BapuTests.framework in Frameworks */,
			);
			runOnlyForDeploymentPostprocessing = 0;
		};
		07094A6C2161C33000B5B08C /* Frameworks */ = {
			isa = PBXFrameworksBuildPhase;
			buildActionMask = 2147483647;
			files = (
				FCCB5EC9D7AF0C4135855622 /* Pods_Morari_BapuUITests.framework in Frameworks */,
			);
			runOnlyForDeploymentPostprocessing = 0;
		};
/* End PBXFrameworksBuildPhase section */

/* Begin PBXGroup section */
		0701D93E21FCB91A00E08E6C /* Search */ = {
			isa = PBXGroup;
			children = (
				0701D93F21FCB93C00E08E6C /* SearchVC.swift */,
			);
			path = Search;
			sourceTree = "<group>";
		};
		0702110921DB8ABA006B6472 /* Events */ = {
			isa = PBXGroup;
			children = (
				0702110D21DB8B0A006B6472 /* EventsVC.swift */,
				0702110F21DB8B1C006B6472 /* EventsCollectionViewCell.swift */,
				0702110A21DB8AD4006B6472 /* Events Details */,
			);
			path = Events;
			sourceTree = "<group>";
		};
		0702110A21DB8AD4006B6472 /* Events Details */ = {
			isa = PBXGroup;
			children = (
				0702110B21DB8AFB006B6472 /* EventsDetailsVC.swift */,
			);
			path = "Events Details";
			sourceTree = "<group>";
		};
		0702111121DBA857006B6472 /* FAQ */ = {
			isa = PBXGroup;
			children = (
				0702111221DBA879006B6472 /* FaqVC.swift */,
				0702111421DBA88C006B6472 /* FaqTableViewCell.swift */,
			);
			path = FAQ;
			sourceTree = "<group>";
		};
		07083D53221A801800694981 /* Internet Connection */ = {
			isa = PBXGroup;
			children = (
				07083D54221A803400694981 /* InternetConnectionVC.swift */,
			);
			path = "Internet Connection";
			sourceTree = "<group>";
		};
		0708F708216D12FF00A4B079 /* Hanuman Chalisha */ = {
			isa = PBXGroup;
			children = (
				0708F709216D132A00A4B079 /* HanumanChalishaVC.swift */,
			);
			path = "Hanuman Chalisha";
			sourceTree = "<group>";
		};
		07094A442161C32E00B5B08C = {
			isa = PBXGroup;
			children = (
				07A7551621624BC400793232 /* Default-568h@2x.png */,
				07094A4F2161C32E00B5B08C /* Morari Bapu */,
				07094A672161C33000B5B08C /* Morari BapuTests */,
				07094A722161C33000B5B08C /* Morari BapuUITests */,
				07094A4E2161C32E00B5B08C /* Products */,
				F17D00F721DC2523AE5A7930 /* Pods */,
				8DF30DBF619FC95482207BBC /* Frameworks */,
			);
			sourceTree = "<group>";
		};
		07094A4E2161C32E00B5B08C /* Products */ = {
			isa = PBXGroup;
			children = (
				07094A4D2161C32E00B5B08C /* Morari Bapu.app */,
				07094A642161C33000B5B08C /* Morari BapuTests.xctest */,
				07094A6F2161C33000B5B08C /* Morari BapuUITests.xctest */,
			);
			name = Products;
			sourceTree = "<group>";
		};
		07094A4F2161C32E00B5B08C /* Morari Bapu */ = {
			isa = PBXGroup;
			children = (
				07AE6019221C87DA000689F6 /* Morari Bapu.entitlements */,
				07094A502161C32E00B5B08C /* AppDelegate.swift */,
				07094A832161DA7100B5B08C /* APIHelper */,
				07094A862161DAA000B5B08C /* ThirdParty Classes  */,
				07094A8E2161DB7300B5B08C /* Storyboard */,
				07094A812161DA5C00B5B08C /* Controller */,
				07094A822161DA6A00B5B08C /* Resources */,
				07094A8F2161DB9200B5B08C /* Database */,
			);
			path = "Morari Bapu";
			sourceTree = "<group>";
		};
		07094A672161C33000B5B08C /* Morari BapuTests */ = {
			isa = PBXGroup;
			children = (
				07094A5F2161C33000B5B08C /* Info.plist */,
				07094A682161C33000B5B08C /* Morari_BapuTests.swift */,
				07094A6A2161C33000B5B08C /* Info.plist */,
			);
			path = "Morari BapuTests";
			sourceTree = "<group>";
		};
		07094A722161C33000B5B08C /* Morari BapuUITests */ = {
			isa = PBXGroup;
			children = (
				07094A732161C33000B5B08C /* Morari_BapuUITests.swift */,
				07094A752161C33000B5B08C /* Info.plist */,
			);
			path = "Morari BapuUITests";
			sourceTree = "<group>";
		};
		07094A812161DA5C00B5B08C /* Controller */ = {
			isa = PBXGroup;
			children = (
				07083D53221A801800694981 /* Internet Connection */,
				0701D93E21FCB91A00E08E6C /* Search */,
				07D9394721F62B33003F847D /* Up Coming Kathas */,
				0766437D21E7AC2B00B15520 /* Articles */,
				0766437A21E79F0500B15520 /* Favourite */,
				070A9F0921E116C300E8628F /* Media */,
				074029DC21DE69E000E4DE4B /* What's New */,
				0702110921DB8ABA006B6472 /* Events */,
				07A7551E21625A1C00793232 /* Menu */,
				0708F708216D12FF00A4B079 /* Hanuman Chalisha */,
				07094A902161DC2C00B5B08C /* Dashboard */,
				076BA35A21632A14004BD807 /* Katha Chopai  */,
				0709A8DE216B256F00371E06 /* Katha Chopai Details */,
				0709A8D7216B1A3100371E06 /* Quotes */,
				070AD47F216619F6007E6149 /* WebView */,
				0709A8CF216A6B7400371E06 /* Katha EBook */,
				0709A8D2216A807B00371E06 /* Settings */,
			);
			path = Controller;
			sourceTree = "<group>";
		};
		07094A822161DA6A00B5B08C /* Resources */ = {
			isa = PBXGroup;
			children = (
				07094A5A2161C33000B5B08C /* Assets.xcassets */,
			);
			path = Resources;
			sourceTree = "<group>";
		};
		07094A832161DA7100B5B08C /* APIHelper */ = {
			isa = PBXGroup;
			children = (
				07094A842161DA9200B5B08C /* WebServices.swift */,
			);
			path = APIHelper;
			sourceTree = "<group>";
		};
		07094A862161DAA000B5B08C /* ThirdParty Classes  */ = {
			isa = PBXGroup;
			children = (
				07FC216A2230DB89009871E8 /* LNPopupController.xcodeproj */,
				07A755212162868500793232 /* Fonts */,
				07094A8B2161DB5D00B5B08C /* Rechability */,
				07094A872161DAB400B5B08C /* GlobalConstants.swift */,
				07094A882161DAB400B5B08C /* Utility.swift */,
				077B2ACD2209F815005DC7DF /* BackgroundView.swift */,
			);
			path = "ThirdParty Classes ";
			sourceTree = "<group>";
		};
		07094A8B2161DB5D00B5B08C /* Rechability */ = {
			isa = PBXGroup;
			children = (
				07094A8C2161DB6500B5B08C /* Reachability.swift */,
			);
			path = Rechability;
			sourceTree = "<group>";
		};
		07094A8E2161DB7300B5B08C /* Storyboard */ = {
			isa = PBXGroup;
			children = (
				07094A5C2161C33000B5B08C /* LaunchScreen.storyboard */,
				07A755182162592000793232 /* Custom.storyboard */,
				07094A542161C32E00B5B08C /* Dashboard.storyboard */,
				07D9A46722C28EBC00737489 /* Media.storyboard */,
				07D9A46A22C28FA100737489 /* Menu.storyboard */,
			);
			path = Storyboard;
			sourceTree = "<group>";
		};
		07094A8F2161DB9200B5B08C /* Database */ = {
			isa = PBXGroup;
			children = (
				07094A572161C32E00B5B08C /* Morari_Bapu.xcdatamodeld */,
			);
			path = Database;
			sourceTree = "<group>";
		};
		07094A902161DC2C00B5B08C /* Dashboard */ = {
			isa = PBXGroup;
			children = (
				07094A522161C32E00B5B08C /* DashboardVC.swift */,
				07443DF32165220C00F39CCD /* YoutubeTableViewCell.swift */,
				07443DF52165223400F39CCD /* QuotesTableViewCell.swift */,
				07443DF72165228900F39CCD /* UpcomingKathaTableViewCell.swift */,
			);
			path = Dashboard;
			sourceTree = "<group>";
		};
		0709A8CF216A6B7400371E06 /* Katha EBook */ = {
			isa = PBXGroup;
			children = (
				0709A8CD216A6B7000371E06 /* KathaEBookVC.swift */,
				0709A8D0216A6EB500371E06 /* KathaEBookTableViewCell.swift */,
			);
			path = "Katha EBook";
			sourceTree = "<group>";
		};
		0709A8D2216A807B00371E06 /* Settings */ = {
			isa = PBXGroup;
			children = (
				0709A8D3216A809600371E06 /* SettingsVC.swift */,
				0709A8D5216A80C300371E06 /* SettingsTableViewCell.swift */,
				070D461421DD23CE0084C0DA /* Feedback */,
				0702111121DBA857006B6472 /* FAQ */,
				070D461321DD20470084C0DA /* About The App */,
			);
			path = Settings;
			sourceTree = "<group>";
		};
		0709A8D7216B1A3100371E06 /* Quotes */ = {
			isa = PBXGroup;
			children = (
				0709A8D8216B1A4000371E06 /* QuotesVC.swift */,
			);
			path = Quotes;
			sourceTree = "<group>";
		};
		0709A8DE216B256F00371E06 /* Katha Chopai Details */ = {
			isa = PBXGroup;
			children = (
				0709A8DC216B255700371E06 /* KathaChopaiDetailsVC.swift */,
			);
			path = "Katha Chopai Details";
			sourceTree = "<group>";
		};
		070A9F0921E116C300E8628F /* Media */ = {
			isa = PBXGroup;
			children = (
				0766438621EA495C00B15520 /* Audio */,
				070A9F0F21E1175E00E8628F /* Bapu Thoughts */,
				070A9F0A21E1171C00E8628F /* Shayri */,
				070A9F1421E11CA900E8628F /* Shayri Details */,
			);
			path = Media;
			sourceTree = "<group>";
		};
		070A9F0A21E1171C00E8628F /* Shayri */ = {
			isa = PBXGroup;
			children = (
				070A9F0B21E1174900E8628F /* ShayriVC.swift */,
			);
			path = Shayri;
			sourceTree = "<group>";
		};
		070A9F0F21E1175E00E8628F /* Bapu Thoughts */ = {
			isa = PBXGroup;
			children = (
				070A9F1021E1177600E8628F /* BapuThoughtsVC.swift */,
			);
			path = "Bapu Thoughts";
			sourceTree = "<group>";
		};
		070A9F1421E11CA900E8628F /* Shayri Details */ = {
			isa = PBXGroup;
			children = (
				070A9F1521E11CBC00E8628F /* ShayriDetailsVC.swift */,
			);
			path = "Shayri Details";
			sourceTree = "<group>";
		};
		070AD47F216619F6007E6149 /* WebView */ = {
			isa = PBXGroup;
			children = (
				070AD48021661A14007E6149 /* WebViewVC.swift */,
			);
			path = WebView;
			sourceTree = "<group>";
		};
		070D461321DD20470084C0DA /* About The App */ = {
			isa = PBXGroup;
			children = (
				070D461121DD20430084C0DA /* AboutTheAppVC.swift */,
			);
			path = "About The App";
			sourceTree = "<group>";
		};
		070D461421DD23CE0084C0DA /* Feedback */ = {
			isa = PBXGroup;
			children = (
				070D461521DD23E10084C0DA /* FeedbackVC.swift */,
			);
			path = Feedback;
			sourceTree = "<group>";
		};
		073C7F7D221E613200BDC6E3 /* What's New Text Details */ = {
			isa = PBXGroup;
			children = (
				073C7F7E221E615500BDC6E3 /* WhatsNewTextDetailsVC.swift */,
			);
			path = "What's New Text Details";
			sourceTree = "<group>";
		};
		074029DC21DE69E000E4DE4B /* What's New */ = {
			isa = PBXGroup;
			children = (
				074029E021DE6A0700E4DE4B /* What's New - Photos */,
				074029DF21DE6A0000E4DE4B /* What's New -Video */,
				074029DE21DE69FB00E4DE4B /* What's New - Audio */,
				074029DD21DE69F200E4DE4B /* What's New - Text */,
			);
			path = "What's New";
			sourceTree = "<group>";
		};
		074029DD21DE69F200E4DE4B /* What's New - Text */ = {
			isa = PBXGroup;
			children = (
				074029E721DE6A5700E4DE4B /* WhatsNewTextVC.swift */,
				074029E921DE6C9900E4DE4B /* WhatsNewTextTableViewCell.swift */,
				073C7F7D221E613200BDC6E3 /* What's New Text Details */,
			);
			path = "What's New - Text";
			sourceTree = "<group>";
		};
		074029DE21DE69FB00E4DE4B /* What's New - Audio */ = {
			isa = PBXGroup;
			children = (
				074029E521DE6A4B00E4DE4B /* WhatsNewAudioVC.swift */,
			);
			path = "What's New - Audio";
			sourceTree = "<group>";
		};
		074029DF21DE6A0000E4DE4B /* What's New -Video */ = {
			isa = PBXGroup;
			children = (
				074029E321DE6A3D00E4DE4B /* WhatsNewVideoVC.swift */,
			);
			path = "What's New -Video";
			sourceTree = "<group>";
		};
		074029E021DE6A0700E4DE4B /* What's New - Photos */ = {
			isa = PBXGroup;
			children = (
				074029ED21DF225D00E4DE4B /* Image Viewer */,
				074029E121DE6A2900E4DE4B /* WhatsNewPhotosVC.swift */,
				074029EB21DE763400E4DE4B /* WhatsNewPhotosCollectionViewCell.swift */,
			);
			path = "What's New - Photos";
			sourceTree = "<group>";
		};
		074029ED21DF225D00E4DE4B /* Image Viewer */ = {
			isa = PBXGroup;
			children = (
				074029EE21DF227000E4DE4B /* ImageViewerVC.swift */,
				074029F021DF228C00E4DE4B /* ImageViewerCollectionViewCell.swift */,
			);
			path = "Image Viewer";
			sourceTree = "<group>";
		};
		075675F321ED06FD00915946 /* Music Player */ = {
			isa = PBXGroup;
			children = (
				075675F121ED06F700915946 /* MusicPlayerVC.swift */,
			);
			path = "Music Player";
			sourceTree = "<group>";
		};
		0766437A21E79F0500B15520 /* Favourite */ = {
			isa = PBXGroup;
			children = (
				0766437B21E79F2700B15520 /* FavouriteVC.swift */,
				0715B16922207B3900A6DC49 /* BapuDarshanUITableViewCell.swift */,
			);
			path = Favourite;
			sourceTree = "<group>";
		};
		0766437D21E7AC2B00B15520 /* Articles */ = {
			isa = PBXGroup;
			children = (
				0766437E21E7AC3B00B15520 /* ArticlesVC.swift */,
				0766438021E7AC7F00B15520 /* Articles1TableViewCell.swift */,
				0766438221E7AC9500B15520 /* Articles2TableViewCell.swift */,
			);
			path = Articles;
			sourceTree = "<group>";
		};
		0766438621EA495C00B15520 /* Audio */ = {
			isa = PBXGroup;
			children = (
				0766438721EA497000B15520 /* AudioVC.swift */,
				0766438421EA495600B15520 /* AudioTableViewCell.swift */,
				075675F321ED06FD00915946 /* Music Player */,
			);
			path = Audio;
			sourceTree = "<group>";
		};
		076BA35A21632A14004BD807 /* Katha Chopai  */ = {
			isa = PBXGroup;
			children = (
				076BA35B21632A48004BD807 /* KathaChopaiVC.swift */,
				0709A8DA216B1D5800371E06 /* KathaChopaiTableViewCell.swift */,
			);
			path = "Katha Chopai ";
			sourceTree = "<group>";
		};
		07A7551E21625A1C00793232 /* Menu */ = {
			isa = PBXGroup;
			children = (
				07A7551C21625A1800793232 /* MenuVC.swift */,
				07A7551F2162658B00793232 /* MenuCollectionViewCell.swift */,
			);
			path = Menu;
			sourceTree = "<group>";
		};
		07A755212162868500793232 /* Fonts */ = {
			isa = PBXGroup;
			children = (
				07A755232162869100793232 /* MontserratAlternates-Light.otf */,
				07A755242162869100793232 /* MontserratAlternates-Regular.otf */,
				07A755222162869100793232 /* MontserratAlternates-SemiBold.otf */,
			);
			path = Fonts;
			sourceTree = "<group>";
		};
		07D9394721F62B33003F847D /* Up Coming Kathas */ = {
			isa = PBXGroup;
			children = (
				07D9394821F62B7B003F847D /* UpComingKathasVC.swift */,
				07D9394C21F62CEC003F847D /* Up Coming Katha Details */,
			);
			path = "Up Coming Kathas";
			sourceTree = "<group>";
		};
		07D9394C21F62CEC003F847D /* Up Coming Katha Details */ = {
			isa = PBXGroup;
			children = (
				07D9394A21F62CE9003F847D /* UpComingKathaDetailsVC.swift */,
				07CD60BD22171FE4003C9333 /* KathaTimingTableViewCell.swift */,
			);
			path = "Up Coming Katha Details";
			sourceTree = "<group>";
		};
		07FC216B2230DB89009871E8 /* Products */ = {
			isa = PBXGroup;
			children = (
				07FC216F2230DB89009871E8 /* LNPopupController.framework */,
			);
			name = Products;
			sourceTree = "<group>";
		};
		8DF30DBF619FC95482207BBC /* Frameworks */ = {
			isa = PBXGroup;
			children = (
				07637E69222F0A7500A657BB /* MediaPlayer.framework */,
				072027C32225921D00A55489 /* EventKit.framework */,
				AF96C55420CE8AEB3492FBD9 /* Pods_Morari_Bapu.framework */,
				FC4BD43BCEDC5FD94AD884CF /* Pods_Morari_BapuTests.framework */,
				4C7EC3ED81FE47D190032489 /* Pods_Morari_BapuUITests.framework */,
			);
			name = Frameworks;
			sourceTree = "<group>";
		};
		F17D00F721DC2523AE5A7930 /* Pods */ = {
			isa = PBXGroup;
			children = (
				5A88026A43A3E43A2EF17F46 /* Pods-Morari Bapu.debug.xcconfig */,
				758D1A5C898793BC3048DC78 /* Pods-Morari Bapu.release.xcconfig */,
				82D6D832A79F74B1A912BD5D /* Pods-Morari BapuTests.debug.xcconfig */,
				BEE2EED588D18856E060368A /* Pods-Morari BapuTests.release.xcconfig */,
				81DA82811205960EE5158AC9 /* Pods-Morari BapuUITests.debug.xcconfig */,
				6903C3D27825025CE29FD0C2 /* Pods-Morari BapuUITests.release.xcconfig */,
			);
			name = Pods;
			sourceTree = "<group>";
		};
/* End PBXGroup section */

/* Begin PBXNativeTarget section */
		07094A4C2161C32E00B5B08C /* Morari Bapu */ = {
			isa = PBXNativeTarget;
			buildConfigurationList = 07094A782161C33000B5B08C /* Build configuration list for PBXNativeTarget "Morari Bapu" */;
			buildPhases = (
				39CF1C452D8F30032D4B9976 /* [CP] Check Pods Manifest.lock */,
				07094A492161C32E00B5B08C /* Sources */,
				07094A4A2161C32E00B5B08C /* Frameworks */,
				07094A4B2161C32E00B5B08C /* Resources */,
				938FF903B861E6FC99B11B66 /* [CP] Embed Pods Frameworks */,
				07D9396521F72D26003F847D /* Embed Frameworks */,
			);
			buildRules = (
			);
			dependencies = (
			);
			name = "Morari Bapu";
			productName = "Morari Bapu";
			productReference = 07094A4D2161C32E00B5B08C /* Morari Bapu.app */;
			productType = "com.apple.product-type.application";
		};
		07094A632161C33000B5B08C /* Morari BapuTests */ = {
			isa = PBXNativeTarget;
			buildConfigurationList = 07094A7B2161C33000B5B08C /* Build configuration list for PBXNativeTarget "Morari BapuTests" */;
			buildPhases = (
				BCA8C7F0EA0182478E6F6116 /* [CP] Check Pods Manifest.lock */,
				07094A602161C33000B5B08C /* Sources */,
				07094A612161C33000B5B08C /* Frameworks */,
				07094A622161C33000B5B08C /* Resources */,
			);
			buildRules = (
			);
			dependencies = (
				07094A662161C33000B5B08C /* PBXTargetDependency */,
			);
			name = "Morari BapuTests";
			productName = "Morari BapuTests";
			productReference = 07094A642161C33000B5B08C /* Morari BapuTests.xctest */;
			productType = "com.apple.product-type.bundle.unit-test";
		};
		07094A6E2161C33000B5B08C /* Morari BapuUITests */ = {
			isa = PBXNativeTarget;
			buildConfigurationList = 07094A7E2161C33000B5B08C /* Build configuration list for PBXNativeTarget "Morari BapuUITests" */;
			buildPhases = (
				76ED5B705A7A1BDA363FEFEC /* [CP] Check Pods Manifest.lock */,
				07094A6B2161C33000B5B08C /* Sources */,
				07094A6C2161C33000B5B08C /* Frameworks */,
				07094A6D2161C33000B5B08C /* Resources */,
			);
			buildRules = (
			);
			dependencies = (
				07094A712161C33000B5B08C /* PBXTargetDependency */,
			);
			name = "Morari BapuUITests";
			productName = "Morari BapuUITests";
			productReference = 07094A6F2161C33000B5B08C /* Morari BapuUITests.xctest */;
			productType = "com.apple.product-type.bundle.ui-testing";
		};
/* End PBXNativeTarget section */

/* Begin PBXProject section */
		07094A452161C32E00B5B08C /* Project object */ = {
			isa = PBXProject;
			attributes = {
				LastSwiftUpdateCheck = 1000;
				LastUpgradeCheck = 1000;
				ORGANIZATIONNAME = "Bhavin Chauhan";
				TargetAttributes = {
					07094A4C2161C32E00B5B08C = {
						CreatedOnToolsVersion = 10.0;
						SystemCapabilities = {
							com.apple.Push = {
								enabled = 1;
							};
						};
					};
					07094A632161C33000B5B08C = {
						CreatedOnToolsVersion = 10.0;
						TestTargetID = 07094A4C2161C32E00B5B08C;
					};
					07094A6E2161C33000B5B08C = {
						CreatedOnToolsVersion = 10.0;
						TestTargetID = 07094A4C2161C32E00B5B08C;
					};
				};
			};
			buildConfigurationList = 07094A482161C32E00B5B08C /* Build configuration list for PBXProject "Morari Bapu" */;
			compatibilityVersion = "Xcode 9.3";
			developmentRegion = en;
			hasScannedForEncodings = 0;
			knownRegions = (
				en,
				Base,
			);
			mainGroup = 07094A442161C32E00B5B08C;
			productRefGroup = 07094A4E2161C32E00B5B08C /* Products */;
			projectDirPath = "";
			projectReferences = (
				{
					ProductGroup = 07FC216B2230DB89009871E8 /* Products */;
					ProjectRef = 07FC216A2230DB89009871E8 /* LNPopupController.xcodeproj */;
				},
			);
			projectRoot = "";
			targets = (
				07094A4C2161C32E00B5B08C /* Morari Bapu */,
				07094A632161C33000B5B08C /* Morari BapuTests */,
				07094A6E2161C33000B5B08C /* Morari BapuUITests */,
			);
		};
/* End PBXProject section */

/* Begin PBXReferenceProxy section */
		07FC216F2230DB89009871E8 /* LNPopupController.framework */ = {
			isa = PBXReferenceProxy;
			fileType = wrapper.framework;
			path = LNPopupController.framework;
			remoteRef = 07FC216E2230DB89009871E8 /* PBXContainerItemProxy */;
			sourceTree = BUILT_PRODUCTS_DIR;
		};
/* End PBXReferenceProxy section */

/* Begin PBXResourcesBuildPhase section */
		07094A4B2161C32E00B5B08C /* Resources */ = {
			isa = PBXResourcesBuildPhase;
			buildActionMask = 2147483647;
			files = (
				07A755272162869100793232 /* MontserratAlternates-Regular.otf in Resources */,
				07A755252162869100793232 /* MontserratAlternates-SemiBold.otf in Resources */,
				07A755262162869100793232 /* MontserratAlternates-Light.otf in Resources */,
				07094A5E2161C33000B5B08C /* LaunchScreen.storyboard in Resources */,
				07A7551721624BC400793232 /* Default-568h@2x.png in Resources */,
				07D9A46B22C28FA100737489 /* Menu.storyboard in Resources */,
				07094A5B2161C33000B5B08C /* Assets.xcassets in Resources */,
				07D9A46822C28EBC00737489 /* Media.storyboard in Resources */,
				07094A562161C32E00B5B08C /* Dashboard.storyboard in Resources */,
				07A755192162592100793232 /* Custom.storyboard in Resources */,
			);
			runOnlyForDeploymentPostprocessing = 0;
		};
		07094A622161C33000B5B08C /* Resources */ = {
			isa = PBXResourcesBuildPhase;
			buildActionMask = 2147483647;
			files = (
			);
			runOnlyForDeploymentPostprocessing = 0;
		};
		07094A6D2161C33000B5B08C /* Resources */ = {
			isa = PBXResourcesBuildPhase;
			buildActionMask = 2147483647;
			files = (
			);
			runOnlyForDeploymentPostprocessing = 0;
		};
/* End PBXResourcesBuildPhase section */

/* Begin PBXShellScriptBuildPhase section */
		39CF1C452D8F30032D4B9976 /* [CP] Check Pods Manifest.lock */ = {
			isa = PBXShellScriptBuildPhase;
			buildActionMask = 2147483647;
			files = (
			);
			inputFileListPaths = (
			);
			inputPaths = (
				"${PODS_PODFILE_DIR_PATH}/Podfile.lock",
				"${PODS_ROOT}/Manifest.lock",
			);
			name = "[CP] Check Pods Manifest.lock";
			outputFileListPaths = (
			);
			outputPaths = (
				"$(DERIVED_FILE_DIR)/Pods-Morari Bapu-checkManifestLockResult.txt",
			);
			runOnlyForDeploymentPostprocessing = 0;
			shellPath = /bin/sh;
			shellScript = "diff \"${PODS_PODFILE_DIR_PATH}/Podfile.lock\" \"${PODS_ROOT}/Manifest.lock\" > /dev/null\nif [ $? != 0 ] ; then\n    # print error to STDERR\n    echo \"error: The sandbox is not in sync with the Podfile.lock. Run 'pod install' or update your CocoaPods installation.\" >&2\n    exit 1\nfi\n# This output is used by Xcode 'outputs' to avoid re-running this script phase.\necho \"SUCCESS\" > \"${SCRIPT_OUTPUT_FILE_0}\"\n";
			showEnvVarsInLog = 0;
		};
		76ED5B705A7A1BDA363FEFEC /* [CP] Check Pods Manifest.lock */ = {
			isa = PBXShellScriptBuildPhase;
			buildActionMask = 2147483647;
			files = (
			);
			inputFileListPaths = (
			);
			inputPaths = (
				"${PODS_PODFILE_DIR_PATH}/Podfile.lock",
				"${PODS_ROOT}/Manifest.lock",
			);
			name = "[CP] Check Pods Manifest.lock";
			outputFileListPaths = (
			);
			outputPaths = (
				"$(DERIVED_FILE_DIR)/Pods-Morari BapuUITests-checkManifestLockResult.txt",
			);
			runOnlyForDeploymentPostprocessing = 0;
			shellPath = /bin/sh;
			shellScript = "diff \"${PODS_PODFILE_DIR_PATH}/Podfile.lock\" \"${PODS_ROOT}/Manifest.lock\" > /dev/null\nif [ $? != 0 ] ; then\n    # print error to STDERR\n    echo \"error: The sandbox is not in sync with the Podfile.lock. Run 'pod install' or update your CocoaPods installation.\" >&2\n    exit 1\nfi\n# This output is used by Xcode 'outputs' to avoid re-running this script phase.\necho \"SUCCESS\" > \"${SCRIPT_OUTPUT_FILE_0}\"\n";
			showEnvVarsInLog = 0;
		};
		938FF903B861E6FC99B11B66 /* [CP] Embed Pods Frameworks */ = {
			isa = PBXShellScriptBuildPhase;
			buildActionMask = 2147483647;
			files = (
			);
			inputFileListPaths = (
			);
			inputPaths = (
				"${SRCROOT}/Pods/Target Support Files/Pods-Morari Bapu/Pods-Morari Bapu-frameworks.sh",
				"${BUILT_PRODUCTS_DIR}/AEXML/AEXML.framework",
				"${BUILT_PRODUCTS_DIR}/Alamofire/Alamofire.framework",
				"${BUILT_PRODUCTS_DIR}/AudioPlayerManager/AudioPlayerManager.framework",
				"${BUILT_PRODUCTS_DIR}/ESTMusicIndicator/ESTMusicIndicator.framework",
				"${BUILT_PRODUCTS_DIR}/FolioReaderKit/FolioReaderKit.framework",
				"${BUILT_PRODUCTS_DIR}/FontBlaster/FontBlaster.framework",
				"${BUILT_PRODUCTS_DIR}/IQKeyboardManagerSwift/IQKeyboardManagerSwift.framework",
				"${BUILT_PRODUCTS_DIR}/Kingfisher/Kingfisher.framework",
				"${BUILT_PRODUCTS_DIR}/MarqueeLabel/MarqueeLabel.framework",
				"${BUILT_PRODUCTS_DIR}/MenuItemKit/MenuItemKit.framework",
				"${BUILT_PRODUCTS_DIR}/Realm/Realm.framework",
				"${BUILT_PRODUCTS_DIR}/RealmSwift/RealmSwift.framework",
				"${BUILT_PRODUCTS_DIR}/SSZipArchive/SSZipArchive.framework",
				"${BUILT_PRODUCTS_DIR}/SVProgressHUD/SVProgressHUD.framework",
				"${BUILT_PRODUCTS_DIR}/SubtleVolume/SubtleVolume.framework",
				"${BUILT_PRODUCTS_DIR}/SwiftyJSON/SwiftyJSON.framework",
				"${BUILT_PRODUCTS_DIR}/SwiftyUserDefaults/SwiftyUserDefaults.framework",
				"${BUILT_PRODUCTS_DIR}/Toast-Swift/Toast_Swift.framework",
				"${BUILT_PRODUCTS_DIR}/ZFDragableModalTransition/ZFDragableModalTransition.framework",
				"${BUILT_PRODUCTS_DIR}/iCarousel/iCarousel.framework",
			);
			name = "[CP] Embed Pods Frameworks";
			outputFileListPaths = (
			);
			outputPaths = (
				"${TARGET_BUILD_DIR}/${FRAMEWORKS_FOLDER_PATH}/AEXML.framework",
				"${TARGET_BUILD_DIR}/${FRAMEWORKS_FOLDER_PATH}/Alamofire.framework",
				"${TARGET_BUILD_DIR}/${FRAMEWORKS_FOLDER_PATH}/AudioPlayerManager.framework",
				"${TARGET_BUILD_DIR}/${FRAMEWORKS_FOLDER_PATH}/ESTMusicIndicator.framework",
				"${TARGET_BUILD_DIR}/${FRAMEWORKS_FOLDER_PATH}/FolioReaderKit.framework",
				"${TARGET_BUILD_DIR}/${FRAMEWORKS_FOLDER_PATH}/FontBlaster.framework",
				"${TARGET_BUILD_DIR}/${FRAMEWORKS_FOLDER_PATH}/IQKeyboardManagerSwift.framework",
				"${TARGET_BUILD_DIR}/${FRAMEWORKS_FOLDER_PATH}/Kingfisher.framework",
				"${TARGET_BUILD_DIR}/${FRAMEWORKS_FOLDER_PATH}/MarqueeLabel.framework",
				"${TARGET_BUILD_DIR}/${FRAMEWORKS_FOLDER_PATH}/MenuItemKit.framework",
				"${TARGET_BUILD_DIR}/${FRAMEWORKS_FOLDER_PATH}/Realm.framework",
				"${TARGET_BUILD_DIR}/${FRAMEWORKS_FOLDER_PATH}/RealmSwift.framework",
				"${TARGET_BUILD_DIR}/${FRAMEWORKS_FOLDER_PATH}/SSZipArchive.framework",
				"${TARGET_BUILD_DIR}/${FRAMEWORKS_FOLDER_PATH}/SVProgressHUD.framework",
				"${TARGET_BUILD_DIR}/${FRAMEWORKS_FOLDER_PATH}/SubtleVolume.framework",
				"${TARGET_BUILD_DIR}/${FRAMEWORKS_FOLDER_PATH}/SwiftyJSON.framework",
				"${TARGET_BUILD_DIR}/${FRAMEWORKS_FOLDER_PATH}/SwiftyUserDefaults.framework",
				"${TARGET_BUILD_DIR}/${FRAMEWORKS_FOLDER_PATH}/Toast_Swift.framework",
				"${TARGET_BUILD_DIR}/${FRAMEWORKS_FOLDER_PATH}/ZFDragableModalTransition.framework",
				"${TARGET_BUILD_DIR}/${FRAMEWORKS_FOLDER_PATH}/iCarousel.framework",
			);
			runOnlyForDeploymentPostprocessing = 0;
			shellPath = /bin/sh;
			shellScript = "\"${SRCROOT}/Pods/Target Support Files/Pods-Morari Bapu/Pods-Morari Bapu-frameworks.sh\"\n";
			showEnvVarsInLog = 0;
		};
		BCA8C7F0EA0182478E6F6116 /* [CP] Check Pods Manifest.lock */ = {
			isa = PBXShellScriptBuildPhase;
			buildActionMask = 2147483647;
			files = (
			);
			inputFileListPaths = (
			);
			inputPaths = (
				"${PODS_PODFILE_DIR_PATH}/Podfile.lock",
				"${PODS_ROOT}/Manifest.lock",
			);
			name = "[CP] Check Pods Manifest.lock";
			outputFileListPaths = (
			);
			outputPaths = (
				"$(DERIVED_FILE_DIR)/Pods-Morari BapuTests-checkManifestLockResult.txt",
			);
			runOnlyForDeploymentPostprocessing = 0;
			shellPath = /bin/sh;
			shellScript = "diff \"${PODS_PODFILE_DIR_PATH}/Podfile.lock\" \"${PODS_ROOT}/Manifest.lock\" > /dev/null\nif [ $? != 0 ] ; then\n    # print error to STDERR\n    echo \"error: The sandbox is not in sync with the Podfile.lock. Run 'pod install' or update your CocoaPods installation.\" >&2\n    exit 1\nfi\n# This output is used by Xcode 'outputs' to avoid re-running this script phase.\necho \"SUCCESS\" > \"${SCRIPT_OUTPUT_FILE_0}\"\n";
			showEnvVarsInLog = 0;
		};
/* End PBXShellScriptBuildPhase section */

/* Begin PBXSourcesBuildPhase section */
		07094A492161C32E00B5B08C /* Sources */ = {
			isa = PBXSourcesBuildPhase;
			buildActionMask = 2147483647;
			files = (
				074029F121DF228C00E4DE4B /* ImageViewerCollectionViewCell.swift in Sources */,
				0708F70A216D132A00A4B079 /* HanumanChalishaVC.swift in Sources */,
				0709A8D4216A809600371E06 /* SettingsVC.swift in Sources */,
				0766438321E7AC9500B15520 /* Articles2TableViewCell.swift in Sources */,
				074029E821DE6A5700E4DE4B /* WhatsNewTextVC.swift in Sources */,
				0709A8DB216B1D5800371E06 /* KathaChopaiTableViewCell.swift in Sources */,
				0709A8D9216B1A4000371E06 /* QuotesVC.swift in Sources */,
				070A9F1121E1177600E8628F /* BapuThoughtsVC.swift in Sources */,
				0766438521EA495600B15520 /* AudioTableViewCell.swift in Sources */,
				074029EA21DE6C9900E4DE4B /* WhatsNewTextTableViewCell.swift in Sources */,
				07443DF62165223400F39CCD /* QuotesTableViewCell.swift in Sources */,
				0766438821EA497000B15520 /* AudioVC.swift in Sources */,
				070A9F1621E11CBC00E8628F /* ShayriDetailsVC.swift in Sources */,
				0709A8D6216A80C300371E06 /* SettingsTableViewCell.swift in Sources */,
				074029EF21DF227000E4DE4B /* ImageViewerVC.swift in Sources */,
				07CD60BE22171FE4003C9333 /* KathaTimingTableViewCell.swift in Sources */,
				074029E421DE6A3D00E4DE4B /* WhatsNewVideoVC.swift in Sources */,
				076BA35C21632A48004BD807 /* KathaChopaiVC.swift in Sources */,
				075675F221ED06F700915946 /* MusicPlayerVC.swift in Sources */,
				070AD48121661A14007E6149 /* WebViewVC.swift in Sources */,
				07094A8D2161DB6500B5B08C /* Reachability.swift in Sources */,
				0702111521DBA88C006B6472 /* FaqTableViewCell.swift in Sources */,
				0709A8D1216A6EB500371E06 /* KathaEBookTableViewCell.swift in Sources */,
				074029E621DE6A4B00E4DE4B /* WhatsNewAudioVC.swift in Sources */,
				07443DF82165228900F39CCD /* UpcomingKathaTableViewCell.swift in Sources */,
				0715B16A22207B3900A6DC49 /* BapuDarshanUITableViewCell.swift in Sources */,
				077B2ACE2209F815005DC7DF /* BackgroundView.swift in Sources */,
				070D461221DD20430084C0DA /* AboutTheAppVC.swift in Sources */,
				074029EC21DE763400E4DE4B /* WhatsNewPhotosCollectionViewCell.swift in Sources */,
				0701D94021FCB93C00E08E6C /* SearchVC.swift in Sources */,
				07094A532161C32E00B5B08C /* DashboardVC.swift in Sources */,
				070D461621DD23E10084C0DA /* FeedbackVC.swift in Sources */,
				07A755202162658B00793232 /* MenuCollectionViewCell.swift in Sources */,
				0702111021DB8B1C006B6472 /* EventsCollectionViewCell.swift in Sources */,
				07094A592161C32E00B5B08C /* Morari_Bapu.xcdatamodeld in Sources */,
				0702111321DBA879006B6472 /* FaqVC.swift in Sources */,
				07094A8A2161DAB400B5B08C /* Utility.swift in Sources */,
				073C7F7F221E615500BDC6E3 /* WhatsNewTextDetailsVC.swift in Sources */,
				0766437F21E7AC3B00B15520 /* ArticlesVC.swift in Sources */,
				0709A8CE216A6B7000371E06 /* KathaEBookVC.swift in Sources */,
				07D9394B21F62CE9003F847D /* UpComingKathaDetailsVC.swift in Sources */,
				07094A892161DAB400B5B08C /* GlobalConstants.swift in Sources */,
				07A7551D21625A1800793232 /* MenuVC.swift in Sources */,
				07443DF42165220C00F39CCD /* YoutubeTableViewCell.swift in Sources */,
				07083D55221A803400694981 /* InternetConnectionVC.swift in Sources */,
				0766438121E7AC7F00B15520 /* Articles1TableViewCell.swift in Sources */,
				0709A8DD216B255700371E06 /* KathaChopaiDetailsVC.swift in Sources */,
				07D9394921F62B7B003F847D /* UpComingKathasVC.swift in Sources */,
				070A9F0C21E1174900E8628F /* ShayriVC.swift in Sources */,
				0702110C21DB8AFB006B6472 /* EventsDetailsVC.swift in Sources */,
				074029E221DE6A2900E4DE4B /* WhatsNewPhotosVC.swift in Sources */,
				07094A852161DA9200B5B08C /* WebServices.swift in Sources */,
				07094A512161C32E00B5B08C /* AppDelegate.swift in Sources */,
				0702110E21DB8B0A006B6472 /* EventsVC.swift in Sources */,
				0766437C21E79F2700B15520 /* FavouriteVC.swift in Sources */,
			);
			runOnlyForDeploymentPostprocessing = 0;
		};
		07094A602161C33000B5B08C /* Sources */ = {
			isa = PBXSourcesBuildPhase;
			buildActionMask = 2147483647;
			files = (
				07094A692161C33000B5B08C /* Morari_BapuTests.swift in Sources */,
			);
			runOnlyForDeploymentPostprocessing = 0;
		};
		07094A6B2161C33000B5B08C /* Sources */ = {
			isa = PBXSourcesBuildPhase;
			buildActionMask = 2147483647;
			files = (
				07094A742161C33000B5B08C /* Morari_BapuUITests.swift in Sources */,
			);
			runOnlyForDeploymentPostprocessing = 0;
		};
/* End PBXSourcesBuildPhase section */

/* Begin PBXTargetDependency section */
		07094A662161C33000B5B08C /* PBXTargetDependency */ = {
			isa = PBXTargetDependency;
			target = 07094A4C2161C32E00B5B08C /* Morari Bapu */;
			targetProxy = 07094A652161C33000B5B08C /* PBXContainerItemProxy */;
		};
		07094A712161C33000B5B08C /* PBXTargetDependency */ = {
			isa = PBXTargetDependency;
			target = 07094A4C2161C32E00B5B08C /* Morari Bapu */;
			targetProxy = 07094A702161C33000B5B08C /* PBXContainerItemProxy */;
		};
/* End PBXTargetDependency section */

/* Begin PBXVariantGroup section */
		07094A542161C32E00B5B08C /* Dashboard.storyboard */ = {
			isa = PBXVariantGroup;
			children = (
				07094A552161C32E00B5B08C /* Base */,
			);
			name = Dashboard.storyboard;
			sourceTree = "<group>";
		};
		07094A5C2161C33000B5B08C /* LaunchScreen.storyboard */ = {
			isa = PBXVariantGroup;
			children = (
				07094A5D2161C33000B5B08C /* Base */,
			);
			name = LaunchScreen.storyboard;
			sourceTree = "<group>";
		};
/* End PBXVariantGroup section */

/* Begin XCBuildConfiguration section */
		07094A762161C33000B5B08C /* Debug */ = {
			isa = XCBuildConfiguration;
			buildSettings = {
				ALWAYS_SEARCH_USER_PATHS = NO;
				CLANG_ANALYZER_NONNULL = YES;
				CLANG_ANALYZER_NUMBER_OBJECT_CONVERSION = YES_AGGRESSIVE;
				CLANG_CXX_LANGUAGE_STANDARD = "gnu++14";
				CLANG_CXX_LIBRARY = "libc++";
				CLANG_ENABLE_MODULES = YES;
				CLANG_ENABLE_OBJC_ARC = YES;
				CLANG_ENABLE_OBJC_WEAK = YES;
				CLANG_WARN_BLOCK_CAPTURE_AUTORELEASING = YES;
				CLANG_WARN_BOOL_CONVERSION = YES;
				CLANG_WARN_COMMA = YES;
				CLANG_WARN_CONSTANT_CONVERSION = YES;
				CLANG_WARN_DEPRECATED_OBJC_IMPLEMENTATIONS = YES;
				CLANG_WARN_DIRECT_OBJC_ISA_USAGE = YES_ERROR;
				CLANG_WARN_DOCUMENTATION_COMMENTS = YES;
				CLANG_WARN_EMPTY_BODY = YES;
				CLANG_WARN_ENUM_CONVERSION = YES;
				CLANG_WARN_INFINITE_RECURSION = YES;
				CLANG_WARN_INT_CONVERSION = YES;
				CLANG_WARN_NON_LITERAL_NULL_CONVERSION = YES;
				CLANG_WARN_OBJC_IMPLICIT_RETAIN_SELF = YES;
				CLANG_WARN_OBJC_LITERAL_CONVERSION = YES;
				CLANG_WARN_OBJC_ROOT_CLASS = YES_ERROR;
				CLANG_WARN_RANGE_LOOP_ANALYSIS = YES;
				CLANG_WARN_STRICT_PROTOTYPES = YES;
				CLANG_WARN_SUSPICIOUS_MOVE = YES;
				CLANG_WARN_UNGUARDED_AVAILABILITY = YES_AGGRESSIVE;
				CLANG_WARN_UNREACHABLE_CODE = YES;
				CLANG_WARN__DUPLICATE_METHOD_MATCH = YES;
				CODE_SIGN_IDENTITY = "iPhone Developer";
				COPY_PHASE_STRIP = NO;
				DEBUG_INFORMATION_FORMAT = dwarf;
				ENABLE_STRICT_OBJC_MSGSEND = YES;
				ENABLE_TESTABILITY = YES;
				GCC_C_LANGUAGE_STANDARD = gnu11;
				GCC_DYNAMIC_NO_PIC = NO;
				GCC_NO_COMMON_BLOCKS = YES;
				GCC_OPTIMIZATION_LEVEL = 0;
				GCC_PREPROCESSOR_DEFINITIONS = (
					"DEBUG=1",
					"$(inherited)",
				);
				GCC_WARN_64_TO_32_BIT_CONVERSION = YES;
				GCC_WARN_ABOUT_RETURN_TYPE = YES_ERROR;
				GCC_WARN_UNDECLARED_SELECTOR = YES;
				GCC_WARN_UNINITIALIZED_AUTOS = YES_AGGRESSIVE;
				GCC_WARN_UNUSED_FUNCTION = YES;
				GCC_WARN_UNUSED_VARIABLE = YES;
				IPHONEOS_DEPLOYMENT_TARGET = 12.0;
				MTL_ENABLE_DEBUG_INFO = INCLUDE_SOURCE;
				MTL_FAST_MATH = YES;
				ONLY_ACTIVE_ARCH = YES;
				SDKROOT = iphoneos;
				SWIFT_ACTIVE_COMPILATION_CONDITIONS = DEBUG;
				SWIFT_OPTIMIZATION_LEVEL = "-Onone";
			};
			name = Debug;
		};
		07094A772161C33000B5B08C /* Release */ = {
			isa = XCBuildConfiguration;
			buildSettings = {
				ALWAYS_SEARCH_USER_PATHS = NO;
				CLANG_ANALYZER_NONNULL = YES;
				CLANG_ANALYZER_NUMBER_OBJECT_CONVERSION = YES_AGGRESSIVE;
				CLANG_CXX_LANGUAGE_STANDARD = "gnu++14";
				CLANG_CXX_LIBRARY = "libc++";
				CLANG_ENABLE_MODULES = YES;
				CLANG_ENABLE_OBJC_ARC = YES;
				CLANG_ENABLE_OBJC_WEAK = YES;
				CLANG_WARN_BLOCK_CAPTURE_AUTORELEASING = YES;
				CLANG_WARN_BOOL_CONVERSION = YES;
				CLANG_WARN_COMMA = YES;
				CLANG_WARN_CONSTANT_CONVERSION = YES;
				CLANG_WARN_DEPRECATED_OBJC_IMPLEMENTATIONS = YES;
				CLANG_WARN_DIRECT_OBJC_ISA_USAGE = YES_ERROR;
				CLANG_WARN_DOCUMENTATION_COMMENTS = YES;
				CLANG_WARN_EMPTY_BODY = YES;
				CLANG_WARN_ENUM_CONVERSION = YES;
				CLANG_WARN_INFINITE_RECURSION = YES;
				CLANG_WARN_INT_CONVERSION = YES;
				CLANG_WARN_NON_LITERAL_NULL_CONVERSION = YES;
				CLANG_WARN_OBJC_IMPLICIT_RETAIN_SELF = YES;
				CLANG_WARN_OBJC_LITERAL_CONVERSION = YES;
				CLANG_WARN_OBJC_ROOT_CLASS = YES_ERROR;
				CLANG_WARN_RANGE_LOOP_ANALYSIS = YES;
				CLANG_WARN_STRICT_PROTOTYPES = YES;
				CLANG_WARN_SUSPICIOUS_MOVE = YES;
				CLANG_WARN_UNGUARDED_AVAILABILITY = YES_AGGRESSIVE;
				CLANG_WARN_UNREACHABLE_CODE = YES;
				CLANG_WARN__DUPLICATE_METHOD_MATCH = YES;
				CODE_SIGN_IDENTITY = "iPhone Developer";
				COPY_PHASE_STRIP = NO;
				DEBUG_INFORMATION_FORMAT = "dwarf-with-dsym";
				ENABLE_NS_ASSERTIONS = NO;
				ENABLE_STRICT_OBJC_MSGSEND = YES;
				GCC_C_LANGUAGE_STANDARD = gnu11;
				GCC_NO_COMMON_BLOCKS = YES;
				GCC_WARN_64_TO_32_BIT_CONVERSION = YES;
				GCC_WARN_ABOUT_RETURN_TYPE = YES_ERROR;
				GCC_WARN_UNDECLARED_SELECTOR = YES;
				GCC_WARN_UNINITIALIZED_AUTOS = YES_AGGRESSIVE;
				GCC_WARN_UNUSED_FUNCTION = YES;
				GCC_WARN_UNUSED_VARIABLE = YES;
				IPHONEOS_DEPLOYMENT_TARGET = 12.0;
				MTL_ENABLE_DEBUG_INFO = NO;
				MTL_FAST_MATH = YES;
				SDKROOT = iphoneos;
				SWIFT_COMPILATION_MODE = wholemodule;
				SWIFT_OPTIMIZATION_LEVEL = "-O";
				VALIDATE_PRODUCT = YES;
			};
			name = Release;
		};
		07094A792161C33000B5B08C /* Debug */ = {
			isa = XCBuildConfiguration;
			baseConfigurationReference = 5A88026A43A3E43A2EF17F46 /* Pods-Morari Bapu.debug.xcconfig */;
			buildSettings = {
				ALWAYS_EMBED_SWIFT_STANDARD_LIBRARIES = YES;
				ASSETCATALOG_COMPILER_APPICON_NAME = AppIcon;
				CODE_SIGN_ENTITLEMENTS = "Morari Bapu/Morari Bapu.entitlements";
				CODE_SIGN_IDENTITY = "iPhone Developer";
				CODE_SIGN_STYLE = Automatic;
				DEVELOPMENT_TEAM = "";
				INFOPLIST_FILE = "Morari Bapu/Info.plist";
				IPHONEOS_DEPLOYMENT_TARGET = 10.0;
				LD_RUNPATH_SEARCH_PATHS = (
					"$(inherited)",
					"@executable_path/Frameworks",
				);
				PRODUCT_BUNDLE_IDENTIFIER = com.nivida.bapuapp;
				PRODUCT_NAME = "$(TARGET_NAME)";
				PROVISIONING_PROFILE_SPECIFIER = "";
				SWIFT_VERSION = 4.2;
				TARGETED_DEVICE_FAMILY = "1,2";
			};
			name = Debug;
		};
		07094A7A2161C33000B5B08C /* Release */ = {
			isa = XCBuildConfiguration;
			baseConfigurationReference = 758D1A5C898793BC3048DC78 /* Pods-Morari Bapu.release.xcconfig */;
			buildSettings = {
				ALWAYS_EMBED_SWIFT_STANDARD_LIBRARIES = YES;
				ASSETCATALOG_COMPILER_APPICON_NAME = AppIcon;
				CODE_SIGN_ENTITLEMENTS = "Morari Bapu/Morari Bapu.entitlements";
				CODE_SIGN_IDENTITY = "iPhone Developer";
				CODE_SIGN_STYLE = Automatic;
				DEVELOPMENT_TEAM = "";
				INFOPLIST_FILE = "Morari Bapu/Info.plist";
				IPHONEOS_DEPLOYMENT_TARGET = 10.0;
				LD_RUNPATH_SEARCH_PATHS = (
					"$(inherited)",
					"@executable_path/Frameworks",
				);
				PRODUCT_BUNDLE_IDENTIFIER = com.nivida.bapuapp;
				PRODUCT_NAME = "$(TARGET_NAME)";
				PROVISIONING_PROFILE_SPECIFIER = "";
				SWIFT_VERSION = 4.2;
				TARGETED_DEVICE_FAMILY = "1,2";
			};
			name = Release;
		};
		07094A7C2161C33000B5B08C /* Debug */ = {
			isa = XCBuildConfiguration;
			baseConfigurationReference = 82D6D832A79F74B1A912BD5D /* Pods-Morari BapuTests.debug.xcconfig */;
			buildSettings = {
				ALWAYS_EMBED_SWIFT_STANDARD_LIBRARIES = YES;
				BUNDLE_LOADER = "$(TEST_HOST)";
				CODE_SIGN_STYLE = Automatic;
				DEVELOPMENT_TEAM = RMQN2WYMSF;
				INFOPLIST_FILE = "Morari BapuTests/Info.plist";
				LD_RUNPATH_SEARCH_PATHS = (
					"$(inherited)",
					"@executable_path/Frameworks",
					"@loader_path/Frameworks",
				);
				PRODUCT_BUNDLE_IDENTIFIER = "Nivida-Web-Solutions-Pvt.-Ltd.Morari-BapuTests";
				PRODUCT_NAME = "$(TARGET_NAME)";
				SWIFT_VERSION = 4.2;
				TARGETED_DEVICE_FAMILY = "1,2";
				TEST_HOST = "$(BUILT_PRODUCTS_DIR)/Morari Bapu.app/Morari Bapu";
			};
			name = Debug;
		};
		07094A7D2161C33000B5B08C /* Release */ = {
			isa = XCBuildConfiguration;
			baseConfigurationReference = BEE2EED588D18856E060368A /* Pods-Morari BapuTests.release.xcconfig */;
			buildSettings = {
				ALWAYS_EMBED_SWIFT_STANDARD_LIBRARIES = YES;
				BUNDLE_LOADER = "$(TEST_HOST)";
				CODE_SIGN_STYLE = Automatic;
				DEVELOPMENT_TEAM = RMQN2WYMSF;
				INFOPLIST_FILE = "Morari BapuTests/Info.plist";
				LD_RUNPATH_SEARCH_PATHS = (
					"$(inherited)",
					"@executable_path/Frameworks",
					"@loader_path/Frameworks",
				);
				PRODUCT_BUNDLE_IDENTIFIER = "Nivida-Web-Solutions-Pvt.-Ltd.Morari-BapuTests";
				PRODUCT_NAME = "$(TARGET_NAME)";
				SWIFT_VERSION = 4.2;
				TARGETED_DEVICE_FAMILY = "1,2";
				TEST_HOST = "$(BUILT_PRODUCTS_DIR)/Morari Bapu.app/Morari Bapu";
			};
			name = Release;
		};
		07094A7F2161C33000B5B08C /* Debug */ = {
			isa = XCBuildConfiguration;
			baseConfigurationReference = 81DA82811205960EE5158AC9 /* Pods-Morari BapuUITests.debug.xcconfig */;
			buildSettings = {
				ALWAYS_EMBED_SWIFT_STANDARD_LIBRARIES = YES;
				CODE_SIGN_STYLE = Automatic;
				DEVELOPMENT_TEAM = RMQN2WYMSF;
				INFOPLIST_FILE = "Morari BapuUITests/Info.plist";
				LD_RUNPATH_SEARCH_PATHS = (
					"$(inherited)",
					"@executable_path/Frameworks",
					"@loader_path/Frameworks",
				);
				PRODUCT_BUNDLE_IDENTIFIER = "Nivida-Web-Solutions-Pvt.-Ltd.Morari-BapuUITests";
				PRODUCT_NAME = "$(TARGET_NAME)";
				SWIFT_VERSION = 4.2;
				TARGETED_DEVICE_FAMILY = "1,2";
				TEST_TARGET_NAME = "Morari Bapu";
			};
			name = Debug;
		};
		07094A802161C33000B5B08C /* Release */ = {
			isa = XCBuildConfiguration;
			baseConfigurationReference = 6903C3D27825025CE29FD0C2 /* Pods-Morari BapuUITests.release.xcconfig */;
			buildSettings = {
				ALWAYS_EMBED_SWIFT_STANDARD_LIBRARIES = YES;
				CODE_SIGN_STYLE = Automatic;
				DEVELOPMENT_TEAM = RMQN2WYMSF;
				INFOPLIST_FILE = "Morari BapuUITests/Info.plist";
				LD_RUNPATH_SEARCH_PATHS = (
					"$(inherited)",
					"@executable_path/Frameworks",
					"@loader_path/Frameworks",
				);
				PRODUCT_BUNDLE_IDENTIFIER = "Nivida-Web-Solutions-Pvt.-Ltd.Morari-BapuUITests";
				PRODUCT_NAME = "$(TARGET_NAME)";
				SWIFT_VERSION = 4.2;
				TARGETED_DEVICE_FAMILY = "1,2";
				TEST_TARGET_NAME = "Morari Bapu";
			};
			name = Release;
		};
/* End XCBuildConfiguration section */

/* Begin XCConfigurationList section */
		07094A482161C32E00B5B08C /* Build configuration list for PBXProject "Morari Bapu" */ = {
			isa = XCConfigurationList;
			buildConfigurations = (
				07094A762161C33000B5B08C /* Debug */,
				07094A772161C33000B5B08C /* Release */,
			);
			defaultConfigurationIsVisible = 0;
			defaultConfigurationName = Release;
		};
		07094A782161C33000B5B08C /* Build configuration list for PBXNativeTarget "Morari Bapu" */ = {
			isa = XCConfigurationList;
			buildConfigurations = (
				07094A792161C33000B5B08C /* Debug */,
				07094A7A2161C33000B5B08C /* Release */,
			);
			defaultConfigurationIsVisible = 0;
			defaultConfigurationName = Release;
		};
		07094A7B2161C33000B5B08C /* Build configuration list for PBXNativeTarget "Morari BapuTests" */ = {
			isa = XCConfigurationList;
			buildConfigurations = (
				07094A7C2161C33000B5B08C /* Debug */,
				07094A7D2161C33000B5B08C /* Release */,
			);
			defaultConfigurationIsVisible = 0;
			defaultConfigurationName = Release;
		};
		07094A7E2161C33000B5B08C /* Build configuration list for PBXNativeTarget "Morari BapuUITests" */ = {
			isa = XCConfigurationList;
			buildConfigurations = (
				07094A7F2161C33000B5B08C /* Debug */,
				07094A802161C33000B5B08C /* Release */,
			);
			defaultConfigurationIsVisible = 0;
			defaultConfigurationName = Release;
		};
/* End XCConfigurationList section */

/* Begin XCVersionGroup section */
		07094A572161C32E00B5B08C /* Morari_Bapu.xcdatamodeld */ = {
			isa = XCVersionGroup;
			children = (
				07094A582161C32E00B5B08C /* Morari_Bapu.xcdatamodel */,
			);
			currentVersion = 07094A582161C32E00B5B08C /* Morari_Bapu.xcdatamodel */;
			path = Morari_Bapu.xcdatamodeld;
			sourceTree = "<group>";
			versionGroupType = wrapper.xcdatamodel;
		};
/* End XCVersionGroup section */
	};
	rootObject = 07094A452161C32E00B5B08C /* Project object */;
}
